<?xml version="1.0" encoding="utf-8"?>
<Project ToolsVersion="4.0" xmlns="http://schemas.microsoft.com/developer/msbuild/2003">
  <ItemGroup>
    <Filter Include="core">
      <UniqueIdentifier>{1e0d6d86-ec18-4f55-af6c-fc3db592d9a7}</UniqueIdentifier>
    </Filter>
    <Filter Include="luabind">
      <UniqueIdentifier>{9ac5db51-746a-4d3d-8b45-e695f4ad3961}</UniqueIdentifier>
    </Filter>
    <Filter Include="etc">
      <UniqueIdentifier>{7610aa9c-1215-4217-ab27-c0a8ba4b6c6f}</UniqueIdentifier>
    </Filter>
  </ItemGroup>
  <ItemGroup>
    <ClCompile Include="StdAfx.cpp" />
    <ClCompile Include="Luabind\src\class.cpp" />
    <ClCompile Include="Luabind\src\class_info.cpp" />
    <ClCompile Include="Luabind\src\class_registry.cpp" />
    <ClCompile Include="Luabind\src\class_rep.cpp" />
    <ClCompile Include="Luabind\src\create_class.cpp" />
    <ClCompile Include="Luabind\src\error.cpp" />
    <ClCompile Include="Luabind\src\find_best_match.cpp" />
    <ClCompile Include="Luabind\src\function.cpp" />
    <ClCompile Include="Luabind\src\implicit_cast.cpp" />
    <ClCompile Include="Luabind\src\link_compatibility.cpp" />
    <ClCompile Include="Luabind\src\object.cpp" />
    <ClCompile Include="Luabind\src\object_rep.cpp" />
    <ClCompile Include="Luabind\src\open.cpp" />
    <ClCompile Include="Luabind\src\pcall.cpp" />
    <ClCompile Include="Luabind\src\ref.cpp" />
    <ClCompile Include="Luabind\src\scope.cpp" />
    <ClCompile Include="Luabind\src\stack_content_by_name.cpp" />
    <ClCompile Include="Luabind\src\weak_ref.cpp" />
    <ClCompile Include="Luabind\src\wrapper_base.cpp" />
  </ItemGroup>
  <ItemGroup>
    <ClInclude Include="StdAfx.h" />
  </ItemGroup>
</Project>