<?xml version="1.0" encoding="utf-8"?>
<Project ToolsVersion="4.0" xmlns="http://schemas.microsoft.com/developer/msbuild/2003">
  <ItemGroup>
    <Filter Include="Kernel">
      <UniqueIdentifier>{90b8235a-f0c5-4991-8c00-e6e6b3466929}</UniqueIdentifier>
    </Filter>
    <Filter Include="Generic x86">
      <UniqueIdentifier>{0d20001f-e895-4da1-b7ca-f8a57f96db70}</UniqueIdentifier>
    </Filter>
  </ItemGroup>
  <ItemGroup>
    <ClCompile Include="StdAfx.cpp">
      <Filter>Kernel</Filter>
    </ClCompile>
    <ClCompile Include="xrCPU_Pipe.cpp">
      <Filter>Kernel</Filter>
    </ClCompile>
    <ClCompile Include="xrSkin1W.cpp">
      <Filter>Generic x86</Filter>
    </ClCompile>
    <ClCompile Include="xrSkin2W.cpp">
      <Filter>Generic x86</Filter>
    </ClCompile>
  </ItemGroup>
  <ItemGroup>
    <ClInclude Include="StdAfx.h">
      <Filter>Kernel</Filter>
    </ClInclude>
  </ItemGroup>
</Project>
